
Microsoft Visual Studio Solution File, Format Version 12.00
# Visual Studio 2012
Project("{FAE04EC0-301F-11D3-BF4B-00C04F79EFBC}") = "ComputePi", "ComputePi\ComputePi.csproj", "{5CBCF4CC-8D4B-4D9C-BDA1-2AEE467DC3E7}"
EndProject
Global
	GlobalSection(SolutionConfigurationPlatforms) = preSolution
		Debug|Any CPU = Debug|Any CPU
		Release|Any CPU = Release|Any CPU
	EndGlobalSection
	GlobalSection(ProjectConfigurationPlatforms) = postSolution
		{5CBCF4CC-8D4B-4D9C-BDA1-2AEE467DC3E7}.Debug|Any CPU.ActiveCfg = Debug|Any CPU
		{5CBCF4CC-8D4B-4D9C-BDA1-2AEE467DC3E7}.Debug|Any CPU.Build.0 = Debug|Any CPU
		{5CBCF4CC-8D4B-4D9C-BDA1-2AEE467DC3E7}.Release|Any CPU.ActiveCfg = Release|Any CPU
		{5CBCF4CC-8D4B-4D9C-BDA1-2AEE467DC3E7}.Release|Any CPU.Build.0 = Release|Any CPU
	EndGlobalSection
	GlobalSection(SolutionProperties) = preSolution
		HideSolutionNode = FALSE
	EndGlobalSection
EndGlobal
